
Microsoft Visual Studio Solution File, Format Version 12.00
# Visual Studio Express 2013 for Web
VisualStudioVersion = 12.0.40629.0
MinimumVisualStudioVersion = 10.0.40219.1
Project("{FAE04EC0-301F-11D3-BF4B-00C04F79EFBC}") = "KaraokeKeeper", "KaraokeKeeper\KaraokeKeeper.csproj", "{1AF98ACF-E21C-4EDF-ADCB-7259F2EBD0E4}"
EndProject
Project("{FAE04EC0-301F-11D3-BF4B-00C04F79EFBC}") = "KaraokeKeeper.Tests", "KaraokeKeeper.Tests\KaraokeKeeper.Tests.csproj", "{DF9617B4-AD9E-420E-8378-6A27B3305C63}"
EndProject
Global
	GlobalSection(SolutionConfigurationPlatforms) = preSolution
		Debug|Any CPU = Debug|Any CPU
		Release|Any CPU = Release|Any CPU
	EndGlobalSection
	GlobalSection(ProjectConfigurationPlatforms) = postSolution
		{1AF98ACF-E21C-4EDF-ADCB-7259F2EBD0E4}.Debug|Any CPU.ActiveCfg = Debug|Any CPU
		{1AF98ACF-E21C-4EDF-ADCB-7259F2EBD0E4}.Debug|Any CPU.Build.0 = Debug|Any CPU
		{1AF98ACF-E21C-4EDF-ADCB-7259F2EBD0E4}.Release|Any CPU.ActiveCfg = Release|Any CPU
		{1AF98ACF-E21C-4EDF-ADCB-7259F2EBD0E4}.Release|Any CPU.Build.0 = Release|Any CPU
		{DF9617B4-AD9E-420E-8378-6A27B3305C63}.Debug|Any CPU.ActiveCfg = Debug|Any CPU
		{DF9617B4-AD9E-420E-8378-6A27B3305C63}.Debug|Any CPU.Build.0 = Debug|Any CPU
		{DF9617B4-AD9E-420E-8378-6A27B3305C63}.Release|Any CPU.ActiveCfg = Release|Any CPU
		{DF9617B4-AD9E-420E-8378-6A27B3305C63}.Release|Any CPU.Build.0 = Release|Any CPU
	EndGlobalSection
	GlobalSection(SolutionProperties) = preSolution
		HideSolutionNode = FALSE
	EndGlobalSection
EndGlobal
